
Microsoft Visual Studio Solution File, Format Version 12.00
# Visual Studio Version 17
VisualStudioVersion = 17.1.32407.343
MinimumVisualStudioVersion = 10.0.40219.1
Project("{FAE04EC0-301F-11D3-BF4B-00C04F79EFBC}") = "WPFSimpleToDoApp", "WPFSimpleToDoApp\WPFSimpleToDoApp.csproj", "{A306CCD3-A6CB-4A00-90AC-8E751693ED09}"
EndProject
Project("{2150E333-8FDC-42A3-9474-1A3956D46DE8}") = "Solution Items", "Solution Items", "{70EB2409-70BC-47D2-95E4-A3C9B65E6A5A}"
	ProjectSection(SolutionItems) = preProject
		.editorconfig = .editorconfig
	EndProjectSection
EndProject
Global
	GlobalSection(SolutionConfigurationPlatforms) = preSolution
		Debug|Any CPU = Debug|Any CPU
		Release|Any CPU = Release|Any CPU
	EndGlobalSection
	GlobalSection(ProjectConfigurationPlatforms) = postSolution
		{A306CCD3-A6CB-4A00-90AC-8E751693ED09}.Debug|Any CPU.ActiveCfg = Debug|Any CPU
		{A306CCD3-A6CB-4A00-90AC-8E751693ED09}.Debug|Any CPU.Build.0 = Debug|Any CPU
		{A306CCD3-A6CB-4A00-90AC-8E751693ED09}.Release|Any CPU.ActiveCfg = Release|Any CPU
		{A306CCD3-A6CB-4A00-90AC-8E751693ED09}.Release|Any CPU.Build.0 = Release|Any CPU
	EndGlobalSection
	GlobalSection(SolutionProperties) = preSolution
		HideSolutionNode = FALSE
	EndGlobalSection
	GlobalSection(ExtensibilityGlobals) = postSolution
		SolutionGuid = {B8AC4F3F-B0FA-4228-85A9-B34A565A13F2}
	EndGlobalSection
EndGlobal
